
Microsoft Visual Studio Solution File, Format Version 12.00
# Visual Studio Version 17
VisualStudioVersion = 17.5.002.0
MinimumVisualStudioVersion = 10.0.40219.1
Project("{9A19103F-16F7-4668-BE54-9A1E7A4F7556}") = "ProjectIronSoftware", "ProjectIronSoftware.csproj", "{A771AE90-6EE5-4A80-A714-34E4DF0D192D}"
EndProject
Global
	GlobalSection(SolutionConfigurationPlatforms) = preSolution
		Debug|Any CPU = Debug|Any CPU
		Release|Any CPU = Release|Any CPU
	EndGlobalSection
	GlobalSection(ProjectConfigurationPlatforms) = postSolution
		{A771AE90-6EE5-4A80-A714-34E4DF0D192D}.Debug|Any CPU.ActiveCfg = Debug|Any CPU
		{A771AE90-6EE5-4A80-A714-34E4DF0D192D}.Debug|Any CPU.Build.0 = Debug|Any CPU
		{A771AE90-6EE5-4A80-A714-34E4DF0D192D}.Release|Any CPU.ActiveCfg = Release|Any CPU
		{A771AE90-6EE5-4A80-A714-34E4DF0D192D}.Release|Any CPU.Build.0 = Release|Any CPU
	EndGlobalSection
	GlobalSection(SolutionProperties) = preSolution
		HideSolutionNode = FALSE
	EndGlobalSection
	GlobalSection(ExtensibilityGlobals) = postSolution
		SolutionGuid = {CE1B87FF-0D6E-4074-901A-E6D1EF1430C7}
	EndGlobalSection
EndGlobal
